
Microsoft Visual Studio Solution File, Format Version 12.00
# Visual Studio Version 16
VisualStudioVersion = 16.0.30621.155
MinimumVisualStudioVersion = 10.0.40219.1
Project("{FAE04EC0-301F-11D3-BF4B-00C04F79EFBC}") = "EmployeeTravelBookingWPF", "EmployeeTravelBookingWPF\EmployeeTravelBookingWPF.csproj", "{C0871FA3-7978-4F29-8C30-14D0E1A5A7D3}"
EndProject
Global
	GlobalSection(SolutionConfigurationPlatforms) = preSolution
		Debug|Any CPU = Debug|Any CPU
		Release|Any CPU = Release|Any CPU
	EndGlobalSection
	GlobalSection(ProjectConfigurationPlatforms) = postSolution
		{C0871FA3-7978-4F29-8C30-14D0E1A5A7D3}.Debug|Any CPU.ActiveCfg = Debug|Any CPU
		{C0871FA3-7978-4F29-8C30-14D0E1A5A7D3}.Debug|Any CPU.Build.0 = Debug|Any CPU
		{C0871FA3-7978-4F29-8C30-14D0E1A5A7D3}.Release|Any CPU.ActiveCfg = Release|Any CPU
		{C0871FA3-7978-4F29-8C30-14D0E1A5A7D3}.Release|Any CPU.Build.0 = Release|Any CPU
	EndGlobalSection
	GlobalSection(SolutionProperties) = preSolution
		HideSolutionNode = FALSE
	EndGlobalSection
	GlobalSection(ExtensibilityGlobals) = postSolution
		SolutionGuid = {D3DF1AC5-7B24-4CAC-A4FC-A43A938A6893}
	EndGlobalSection
EndGlobal
